
Microsoft Visual Studio Solution File, Format Version 12.00
# Visual Studio 14
VisualStudioVersion = 14.0.25420.1
MinimumVisualStudioVersion = 10.0.40219.1
Project("{FAE04EC0-301F-11D3-BF4B-00C04F79EFBC}") = "Algorithms.Sort", "Linearalgorithms\Algorithms.Sort.csproj", "{51C46447-1884-4BC1-8FDE-3C63C69E70FD}"
EndProject
Project("{FAE04EC0-301F-11D3-BF4B-00C04F79EFBC}") = "Puzzles", "Puzzles\Puzzles.csproj", "{F5E75B0A-253B-4F5E-901D-2650317FF17B}"
EndProject
Project("{FAE04EC0-301F-11D3-BF4B-00C04F79EFBC}") = "AbstractFactory", "HFPatternsInCSharp\AbstractFactory\AbstractFactory.csproj", "{B0382776-4A77-4684-870B-129547B2AC00}"
EndProject
Project("{2150E333-8FDC-42A3-9474-1A3956D46DE8}") = "Design Pattern", "Design Pattern", "{CC77C7CE-E6AC-4E5E-9395-F319359CE675}"
EndProject
Project("{FAE04EC0-301F-11D3-BF4B-00C04F79EFBC}") = "FactoryMethod", "HFPatternsInCSharp\FactoryMethod\FactoryMethod.csproj", "{1236178A-A409-4BB0-B410-AD54345985B9}"
EndProject
Project("{2150E333-8FDC-42A3-9474-1A3956D46DE8}") = "Creation", "Creation", "{0C67CE25-B284-4BD9-865A-889BF99DF120}"
EndProject
Project("{2150E333-8FDC-42A3-9474-1A3956D46DE8}") = "Behavioral", "Behavioral", "{2D82745A-F7ED-487A-A790-10F1263F5574}"
EndProject
Project("{2150E333-8FDC-42A3-9474-1A3956D46DE8}") = "Structural", "Structural", "{B0A6024F-80C1-4476-ABCC-38175A1C8987}"
EndProject
Project("{FAE04EC0-301F-11D3-BF4B-00C04F79EFBC}") = "Adapter", "HFPatternsInCSharp\Adapter\Adapter.csproj", "{EB95262C-E671-4F98-9195-87DB245D9B2C}"
EndProject
Project("{FAE04EC0-301F-11D3-BF4B-00C04F79EFBC}") = "Command", "HFPatternsInCSharp\Command\Command.csproj", "{02ECF20A-6C4D-4681-988D-45EC3B181532}"
EndProject
Project("{FAE04EC0-301F-11D3-BF4B-00C04F79EFBC}") = "Decorator", "HFPatternsInCSharp\Decorator\Decorator.csproj", "{BBC57587-A73E-4C32-9DB5-E4435EB7876E}"
EndProject
Project("{FAE04EC0-301F-11D3-BF4B-00C04F79EFBC}") = "Compound", "HFPatternsInCSharp\Compound\Compound.csproj", "{01D33CB4-8449-4E17-B193-8E7411AE052C}"
EndProject
Project("{FAE04EC0-301F-11D3-BF4B-00C04F79EFBC}") = "Iterator", "HFPatternsInCSharp\Iterator\Iterator.csproj", "{D0AF10FB-F7CD-4157-AD2D-1879C0FFC157}"
EndProject
Project("{FAE04EC0-301F-11D3-BF4B-00C04F79EFBC}") = "Observer.Explicit", "HFPatternsInCSharp\Observer.Explicit\Observer.Explicit.csproj", "{57BAF118-5386-4275-A720-D91662F09E48}"
EndProject
Project("{FAE04EC0-301F-11D3-BF4B-00C04F79EFBC}") = "Observer.Net", "HFPatternsInCSharp\Observer.Net\Observer.Net.csproj", "{71371A61-A22A-4FE0-941C-47D0C3448E3E}"
EndProject
Project("{FAE04EC0-301F-11D3-BF4B-00C04F79EFBC}") = "SimpleFactory", "HFPatternsInCSharp\SimpleFactory\SimpleFactory.csproj", "{27C515A6-B5FD-45CC-95DA-57CDEFAE64A8}"
EndProject
Project("{FAE04EC0-301F-11D3-BF4B-00C04F79EFBC}") = "Singleton", "HFPatternsInCSharp\Singleton\Singleton.csproj", "{BF7518CF-43F7-4DB7-8291-81B530A77B8E}"
EndProject
Project("{FAE04EC0-301F-11D3-BF4B-00C04F79EFBC}") = "Strategy", "HFPatternsInCSharp\Strategy\Strategy.csproj", "{61580795-600D-469F-8C50-E94803BA5FC0}"
EndProject
Project("{FAE04EC0-301F-11D3-BF4B-00C04F79EFBC}") = "TemplateMethod", "HFPatternsInCSharp\TemplateMethod\TemplateMethod.csproj", "{B956DE99-C505-44A2-9848-83AAF2073467}"
EndProject
Project("{FAE04EC0-301F-11D3-BF4B-00C04F79EFBC}") = "Algorithms.Search", "Algotithms.Search\Algorithms.Search.csproj", "{D7C657BA-F3BE-45C8-A55C-D7AC767C9697}"
EndProject
Project("{FAE04EC0-301F-11D3-BF4B-00C04F79EFBC}") = "DataStructures", "DataStructures\DataStructures.csproj", "{3303A81D-9F63-42B3-88D4-81C43944F366}"
EndProject
Project("{2150E333-8FDC-42A3-9474-1A3956D46DE8}") = "Algorithms", "Algorithms", "{D70A6D49-93E4-444E-8B0D-F86B24EE19E7}"
EndProject
Global
	GlobalSection(SolutionConfigurationPlatforms) = preSolution
		Debug|Any CPU = Debug|Any CPU
		Debug|x86 = Debug|x86
		Release|Any CPU = Release|Any CPU
		Release|x86 = Release|x86
	EndGlobalSection
	GlobalSection(ProjectConfigurationPlatforms) = postSolution
		{51C46447-1884-4BC1-8FDE-3C63C69E70FD}.Debug|Any CPU.ActiveCfg = Debug|Any CPU
		{51C46447-1884-4BC1-8FDE-3C63C69E70FD}.Debug|Any CPU.Build.0 = Debug|Any CPU
		{51C46447-1884-4BC1-8FDE-3C63C69E70FD}.Debug|x86.ActiveCfg = Debug|Any CPU
		{51C46447-1884-4BC1-8FDE-3C63C69E70FD}.Debug|x86.Build.0 = Debug|Any CPU
		{51C46447-1884-4BC1-8FDE-3C63C69E70FD}.Release|Any CPU.ActiveCfg = Release|Any CPU
		{51C46447-1884-4BC1-8FDE-3C63C69E70FD}.Release|Any CPU.Build.0 = Release|Any CPU
		{51C46447-1884-4BC1-8FDE-3C63C69E70FD}.Release|x86.ActiveCfg = Release|Any CPU
		{51C46447-1884-4BC1-8FDE-3C63C69E70FD}.Release|x86.Build.0 = Release|Any CPU
		{F5E75B0A-253B-4F5E-901D-2650317FF17B}.Debug|Any CPU.ActiveCfg = Debug|Any CPU
		{F5E75B0A-253B-4F5E-901D-2650317FF17B}.Debug|Any CPU.Build.0 = Debug|Any CPU
		{F5E75B0A-253B-4F5E-901D-2650317FF17B}.Debug|x86.ActiveCfg = Debug|Any CPU
		{F5E75B0A-253B-4F5E-901D-2650317FF17B}.Debug|x86.Build.0 = Debug|Any CPU
		{F5E75B0A-253B-4F5E-901D-2650317FF17B}.Release|Any CPU.ActiveCfg = Release|Any CPU
		{F5E75B0A-253B-4F5E-901D-2650317FF17B}.Release|Any CPU.Build.0 = Release|Any CPU
		{F5E75B0A-253B-4F5E-901D-2650317FF17B}.Release|x86.ActiveCfg = Release|Any CPU
		{F5E75B0A-253B-4F5E-901D-2650317FF17B}.Release|x86.Build.0 = Release|Any CPU
		{B0382776-4A77-4684-870B-129547B2AC00}.Debug|Any CPU.ActiveCfg = Debug|Any CPU
		{B0382776-4A77-4684-870B-129547B2AC00}.Debug|Any CPU.Build.0 = Debug|Any CPU
		{B0382776-4A77-4684-870B-129547B2AC00}.Debug|x86.ActiveCfg = Debug|Any CPU
		{B0382776-4A77-4684-870B-129547B2AC00}.Debug|x86.Build.0 = Debug|Any CPU
		{B0382776-4A77-4684-870B-129547B2AC00}.Release|Any CPU.ActiveCfg = Release|Any CPU
		{B0382776-4A77-4684-870B-129547B2AC00}.Release|Any CPU.Build.0 = Release|Any CPU
		{B0382776-4A77-4684-870B-129547B2AC00}.Release|x86.ActiveCfg = Release|Any CPU
		{B0382776-4A77-4684-870B-129547B2AC00}.Release|x86.Build.0 = Release|Any CPU
		{1236178A-A409-4BB0-B410-AD54345985B9}.Debug|Any CPU.ActiveCfg = Debug|Any CPU
		{1236178A-A409-4BB0-B410-AD54345985B9}.Debug|Any CPU.Build.0 = Debug|Any CPU
		{1236178A-A409-4BB0-B410-AD54345985B9}.Debug|x86.ActiveCfg = Debug|Any CPU
		{1236178A-A409-4BB0-B410-AD54345985B9}.Debug|x86.Build.0 = Debug|Any CPU
		{1236178A-A409-4BB0-B410-AD54345985B9}.Release|Any CPU.ActiveCfg = Release|Any CPU
		{1236178A-A409-4BB0-B410-AD54345985B9}.Release|Any CPU.Build.0 = Release|Any CPU
		{1236178A-A409-4BB0-B410-AD54345985B9}.Release|x86.ActiveCfg = Release|Any CPU
		{1236178A-A409-4BB0-B410-AD54345985B9}.Release|x86.Build.0 = Release|Any CPU
		{EB95262C-E671-4F98-9195-87DB245D9B2C}.Debug|Any CPU.ActiveCfg = Debug|Any CPU
		{EB95262C-E671-4F98-9195-87DB245D9B2C}.Debug|Any CPU.Build.0 = Debug|Any CPU
		{EB95262C-E671-4F98-9195-87DB245D9B2C}.Debug|x86.ActiveCfg = Debug|Any CPU
		{EB95262C-E671-4F98-9195-87DB245D9B2C}.Debug|x86.Build.0 = Debug|Any CPU
		{EB95262C-E671-4F98-9195-87DB245D9B2C}.Release|Any CPU.ActiveCfg = Release|Any CPU
		{EB95262C-E671-4F98-9195-87DB245D9B2C}.Release|Any CPU.Build.0 = Release|Any CPU
		{EB95262C-E671-4F98-9195-87DB245D9B2C}.Release|x86.ActiveCfg = Release|Any CPU
		{EB95262C-E671-4F98-9195-87DB245D9B2C}.Release|x86.Build.0 = Release|Any CPU
		{02ECF20A-6C4D-4681-988D-45EC3B181532}.Debug|Any CPU.ActiveCfg = Debug|Any CPU
		{02ECF20A-6C4D-4681-988D-45EC3B181532}.Debug|Any CPU.Build.0 = Debug|Any CPU
		{02ECF20A-6C4D-4681-988D-45EC3B181532}.Debug|x86.ActiveCfg = Debug|Any CPU
		{02ECF20A-6C4D-4681-988D-45EC3B181532}.Debug|x86.Build.0 = Debug|Any CPU
		{02ECF20A-6C4D-4681-988D-45EC3B181532}.Release|Any CPU.ActiveCfg = Release|Any CPU
		{02ECF20A-6C4D-4681-988D-45EC3B181532}.Release|Any CPU.Build.0 = Release|Any CPU
		{02ECF20A-6C4D-4681-988D-45EC3B181532}.Release|x86.ActiveCfg = Release|Any CPU
		{02ECF20A-6C4D-4681-988D-45EC3B181532}.Release|x86.Build.0 = Release|Any CPU
		{BBC57587-A73E-4C32-9DB5-E4435EB7876E}.Debug|Any CPU.ActiveCfg = Debug|Any CPU
		{BBC57587-A73E-4C32-9DB5-E4435EB7876E}.Debug|Any CPU.Build.0 = Debug|Any CPU
		{BBC57587-A73E-4C32-9DB5-E4435EB7876E}.Debug|x86.ActiveCfg = Debug|Any CPU
		{BBC57587-A73E-4C32-9DB5-E4435EB7876E}.Debug|x86.Build.0 = Debug|Any CPU
		{BBC57587-A73E-4C32-9DB5-E4435EB7876E}.Release|Any CPU.ActiveCfg = Release|Any CPU
		{BBC57587-A73E-4C32-9DB5-E4435EB7876E}.Release|Any CPU.Build.0 = Release|Any CPU
		{BBC57587-A73E-4C32-9DB5-E4435EB7876E}.Release|x86.ActiveCfg = Release|Any CPU
		{BBC57587-A73E-4C32-9DB5-E4435EB7876E}.Release|x86.Build.0 = Release|Any CPU
		{01D33CB4-8449-4E17-B193-8E7411AE052C}.Debug|Any CPU.ActiveCfg = Debug|x86
		{01D33CB4-8449-4E17-B193-8E7411AE052C}.Debug|x86.ActiveCfg = Debug|x86
		{01D33CB4-8449-4E17-B193-8E7411AE052C}.Debug|x86.Build.0 = Debug|x86
		{01D33CB4-8449-4E17-B193-8E7411AE052C}.Release|Any CPU.ActiveCfg = Release|x86
		{01D33CB4-8449-4E17-B193-8E7411AE052C}.Release|x86.ActiveCfg = Release|x86
		{01D33CB4-8449-4E17-B193-8E7411AE052C}.Release|x86.Build.0 = Release|x86
		{D0AF10FB-F7CD-4157-AD2D-1879C0FFC157}.Debug|Any CPU.ActiveCfg = Debug|Any CPU
		{D0AF10FB-F7CD-4157-AD2D-1879C0FFC157}.Debug|Any CPU.Build.0 = Debug|Any CPU
		{D0AF10FB-F7CD-4157-AD2D-1879C0FFC157}.Debug|x86.ActiveCfg = Debug|Any CPU
		{D0AF10FB-F7CD-4157-AD2D-1879C0FFC157}.Debug|x86.Build.0 = Debug|Any CPU
		{D0AF10FB-F7CD-4157-AD2D-1879C0FFC157}.Release|Any CPU.ActiveCfg = Release|Any CPU
		{D0AF10FB-F7CD-4157-AD2D-1879C0FFC157}.Release|Any CPU.Build.0 = Release|Any CPU
		{D0AF10FB-F7CD-4157-AD2D-1879C0FFC157}.Release|x86.ActiveCfg = Release|Any CPU
		{D0AF10FB-F7CD-4157-AD2D-1879C0FFC157}.Release|x86.Build.0 = Release|Any CPU
		{57BAF118-5386-4275-A720-D91662F09E48}.Debug|Any CPU.ActiveCfg = Debug|Any CPU
		{57BAF118-5386-4275-A720-D91662F09E48}.Debug|Any CPU.Build.0 = Debug|Any CPU
		{57BAF118-5386-4275-A720-D91662F09E48}.Debug|x86.ActiveCfg = Debug|Any CPU
		{57BAF118-5386-4275-A720-D91662F09E48}.Debug|x86.Build.0 = Debug|Any CPU
		{57BAF118-5386-4275-A720-D91662F09E48}.Release|Any CPU.ActiveCfg = Release|Any CPU
		{57BAF118-5386-4275-A720-D91662F09E48}.Release|Any CPU.Build.0 = Release|Any CPU
		{57BAF118-5386-4275-A720-D91662F09E48}.Release|x86.ActiveCfg = Release|Any CPU
		{57BAF118-5386-4275-A720-D91662F09E48}.Release|x86.Build.0 = Release|Any CPU
		{71371A61-A22A-4FE0-941C-47D0C3448E3E}.Debug|Any CPU.ActiveCfg = Debug|Any CPU
		{71371A61-A22A-4FE0-941C-47D0C3448E3E}.Debug|Any CPU.Build.0 = Debug|Any CPU
		{71371A61-A22A-4FE0-941C-47D0C3448E3E}.Debug|x86.ActiveCfg = Debug|Any CPU
		{71371A61-A22A-4FE0-941C-47D0C3448E3E}.Debug|x86.Build.0 = Debug|Any CPU
		{71371A61-A22A-4FE0-941C-47D0C3448E3E}.Release|Any CPU.ActiveCfg = Release|Any CPU
		{71371A61-A22A-4FE0-941C-47D0C3448E3E}.Release|Any CPU.Build.0 = Release|Any CPU
		{71371A61-A22A-4FE0-941C-47D0C3448E3E}.Release|x86.ActiveCfg = Release|Any CPU
		{71371A61-A22A-4FE0-941C-47D0C3448E3E}.Release|x86.Build.0 = Release|Any CPU
		{27C515A6-B5FD-45CC-95DA-57CDEFAE64A8}.Debug|Any CPU.ActiveCfg = Debug|Any CPU
		{27C515A6-B5FD-45CC-95DA-57CDEFAE64A8}.Debug|Any CPU.Build.0 = Debug|Any CPU
		{27C515A6-B5FD-45CC-95DA-57CDEFAE64A8}.Debug|x86.ActiveCfg = Debug|Any CPU
		{27C515A6-B5FD-45CC-95DA-57CDEFAE64A8}.Debug|x86.Build.0 = Debug|Any CPU
		{27C515A6-B5FD-45CC-95DA-57CDEFAE64A8}.Release|Any CPU.ActiveCfg = Release|Any CPU
		{27C515A6-B5FD-45CC-95DA-57CDEFAE64A8}.Release|Any CPU.Build.0 = Release|Any CPU
		{27C515A6-B5FD-45CC-95DA-57CDEFAE64A8}.Release|x86.ActiveCfg = Release|Any CPU
		{27C515A6-B5FD-45CC-95DA-57CDEFAE64A8}.Release|x86.Build.0 = Release|Any CPU
		{BF7518CF-43F7-4DB7-8291-81B530A77B8E}.Debug|Any CPU.ActiveCfg = Debug|Any CPU
		{BF7518CF-43F7-4DB7-8291-81B530A77B8E}.Debug|Any CPU.Build.0 = Debug|Any CPU
		{BF7518CF-43F7-4DB7-8291-81B530A77B8E}.Debug|x86.ActiveCfg = Debug|Any CPU
		{BF7518CF-43F7-4DB7-8291-81B530A77B8E}.Debug|x86.Build.0 = Debug|Any CPU
		{BF7518CF-43F7-4DB7-8291-81B530A77B8E}.Release|Any CPU.ActiveCfg = Release|Any CPU
		{BF7518CF-43F7-4DB7-8291-81B530A77B8E}.Release|Any CPU.Build.0 = Release|Any CPU
		{BF7518CF-43F7-4DB7-8291-81B530A77B8E}.Release|x86.ActiveCfg = Release|Any CPU
		{BF7518CF-43F7-4DB7-8291-81B530A77B8E}.Release|x86.Build.0 = Release|Any CPU
		{61580795-600D-469F-8C50-E94803BA5FC0}.Debug|Any CPU.ActiveCfg = Debug|Any CPU
		{61580795-600D-469F-8C50-E94803BA5FC0}.Debug|Any CPU.Build.0 = Debug|Any CPU
		{61580795-600D-469F-8C50-E94803BA5FC0}.Debug|x86.ActiveCfg = Debug|Any CPU
		{61580795-600D-469F-8C50-E94803BA5FC0}.Debug|x86.Build.0 = Debug|Any CPU
		{61580795-600D-469F-8C50-E94803BA5FC0}.Release|Any CPU.ActiveCfg = Release|Any CPU
		{61580795-600D-469F-8C50-E94803BA5FC0}.Release|Any CPU.Build.0 = Release|Any CPU
		{61580795-600D-469F-8C50-E94803BA5FC0}.Release|x86.ActiveCfg = Release|Any CPU
		{61580795-600D-469F-8C50-E94803BA5FC0}.Release|x86.Build.0 = Release|Any CPU
		{B956DE99-C505-44A2-9848-83AAF2073467}.Debug|Any CPU.ActiveCfg = Debug|x86
		{B956DE99-C505-44A2-9848-83AAF2073467}.Debug|x86.ActiveCfg = Debug|x86
		{B956DE99-C505-44A2-9848-83AAF2073467}.Debug|x86.Build.0 = Debug|x86
		{B956DE99-C505-44A2-9848-83AAF2073467}.Release|Any CPU.ActiveCfg = Release|x86
		{B956DE99-C505-44A2-9848-83AAF2073467}.Release|x86.ActiveCfg = Release|x86
		{B956DE99-C505-44A2-9848-83AAF2073467}.Release|x86.Build.0 = Release|x86
		{D7C657BA-F3BE-45C8-A55C-D7AC767C9697}.Debug|Any CPU.ActiveCfg = Debug|Any CPU
		{D7C657BA-F3BE-45C8-A55C-D7AC767C9697}.Debug|Any CPU.Build.0 = Debug|Any CPU
		{D7C657BA-F3BE-45C8-A55C-D7AC767C9697}.Debug|x86.ActiveCfg = Debug|Any CPU
		{D7C657BA-F3BE-45C8-A55C-D7AC767C9697}.Debug|x86.Build.0 = Debug|Any CPU
		{D7C657BA-F3BE-45C8-A55C-D7AC767C9697}.Release|Any CPU.ActiveCfg = Release|Any CPU
		{D7C657BA-F3BE-45C8-A55C-D7AC767C9697}.Release|Any CPU.Build.0 = Release|Any CPU
		{D7C657BA-F3BE-45C8-A55C-D7AC767C9697}.Release|x86.ActiveCfg = Release|Any CPU
		{D7C657BA-F3BE-45C8-A55C-D7AC767C9697}.Release|x86.Build.0 = Release|Any CPU
		{3303A81D-9F63-42B3-88D4-81C43944F366}.Debug|Any CPU.ActiveCfg = Debug|Any CPU
		{3303A81D-9F63-42B3-88D4-81C43944F366}.Debug|Any CPU.Build.0 = Debug|Any CPU
		{3303A81D-9F63-42B3-88D4-81C43944F366}.Debug|x86.ActiveCfg = Debug|Any CPU
		{3303A81D-9F63-42B3-88D4-81C43944F366}.Debug|x86.Build.0 = Debug|Any CPU
		{3303A81D-9F63-42B3-88D4-81C43944F366}.Release|Any CPU.ActiveCfg = Release|Any CPU
		{3303A81D-9F63-42B3-88D4-81C43944F366}.Release|Any CPU.Build.0 = Release|Any CPU
		{3303A81D-9F63-42B3-88D4-81C43944F366}.Release|x86.ActiveCfg = Release|Any CPU
		{3303A81D-9F63-42B3-88D4-81C43944F366}.Release|x86.Build.0 = Release|Any CPU
	EndGlobalSection
	GlobalSection(SolutionProperties) = preSolution
		HideSolutionNode = FALSE
	EndGlobalSection
	GlobalSection(NestedProjects) = preSolution
		{51C46447-1884-4BC1-8FDE-3C63C69E70FD} = {D70A6D49-93E4-444E-8B0D-F86B24EE19E7}
		{B0382776-4A77-4684-870B-129547B2AC00} = {0C67CE25-B284-4BD9-865A-889BF99DF120}
		{1236178A-A409-4BB0-B410-AD54345985B9} = {0C67CE25-B284-4BD9-865A-889BF99DF120}
		{0C67CE25-B284-4BD9-865A-889BF99DF120} = {CC77C7CE-E6AC-4E5E-9395-F319359CE675}
		{2D82745A-F7ED-487A-A790-10F1263F5574} = {CC77C7CE-E6AC-4E5E-9395-F319359CE675}
		{B0A6024F-80C1-4476-ABCC-38175A1C8987} = {CC77C7CE-E6AC-4E5E-9395-F319359CE675}
		{EB95262C-E671-4F98-9195-87DB245D9B2C} = {B0A6024F-80C1-4476-ABCC-38175A1C8987}
		{02ECF20A-6C4D-4681-988D-45EC3B181532} = {B0A6024F-80C1-4476-ABCC-38175A1C8987}
		{BBC57587-A73E-4C32-9DB5-E4435EB7876E} = {B0A6024F-80C1-4476-ABCC-38175A1C8987}
		{01D33CB4-8449-4E17-B193-8E7411AE052C} = {2D82745A-F7ED-487A-A790-10F1263F5574}
		{D0AF10FB-F7CD-4157-AD2D-1879C0FFC157} = {2D82745A-F7ED-487A-A790-10F1263F5574}
		{57BAF118-5386-4275-A720-D91662F09E48} = {2D82745A-F7ED-487A-A790-10F1263F5574}
		{71371A61-A22A-4FE0-941C-47D0C3448E3E} = {2D82745A-F7ED-487A-A790-10F1263F5574}
		{27C515A6-B5FD-45CC-95DA-57CDEFAE64A8} = {0C67CE25-B284-4BD9-865A-889BF99DF120}
		{BF7518CF-43F7-4DB7-8291-81B530A77B8E} = {0C67CE25-B284-4BD9-865A-889BF99DF120}
		{61580795-600D-469F-8C50-E94803BA5FC0} = {2D82745A-F7ED-487A-A790-10F1263F5574}
		{B956DE99-C505-44A2-9848-83AAF2073467} = {2D82745A-F7ED-487A-A790-10F1263F5574}
		{D7C657BA-F3BE-45C8-A55C-D7AC767C9697} = {D70A6D49-93E4-444E-8B0D-F86B24EE19E7}
	EndGlobalSection
EndGlobal
